<Solution>
  <Project Path="Homework2.AverageNumber/Homework2.AverageNumber.csproj" Id="2957ed4b-78d7-43e2-993f-9776fca914df" />
  <Project Path="Homework2.ClassExercise/Homework2.ClassExercise.csproj" />
  <Project Path="Homework2.ForHome/Homework2.RealCalculator.csproj" />
  <Project Path="Homework2.SwapNumbers/Homework2.SwapNumbers.csproj" Id="d2d12680-5bad-4f87-a445-784354d95ca6" />
</Solution>
